
Microsoft Visual Studio Solution File, Format Version 12.00
# Visual Studio 15
VisualStudioVersion = 15.0.27428.2015
MinimumVisualStudioVersion = 10.0.40219.1
Project("{FAE04EC0-301F-11D3-BF4B-00C04F79EFBC}") = "TravelBotv4", "TravelBotv4\TravelBotv4.csproj", "{10E0ECC3-09A5-4C68-9B9F-987709683F16}"
EndProject
Global
	GlobalSection(SolutionConfigurationPlatforms) = preSolution
		Debug|Any CPU = Debug|Any CPU
		Release|Any CPU = Release|Any CPU
	EndGlobalSection
	GlobalSection(ProjectConfigurationPlatforms) = postSolution
		{10E0ECC3-09A5-4C68-9B9F-987709683F16}.Debug|Any CPU.ActiveCfg = Debug|Any CPU
		{10E0ECC3-09A5-4C68-9B9F-987709683F16}.Debug|Any CPU.Build.0 = Debug|Any CPU
		{10E0ECC3-09A5-4C68-9B9F-987709683F16}.Release|Any CPU.ActiveCfg = Release|Any CPU
		{10E0ECC3-09A5-4C68-9B9F-987709683F16}.Release|Any CPU.Build.0 = Release|Any CPU
	EndGlobalSection
	GlobalSection(SolutionProperties) = preSolution
		HideSolutionNode = FALSE
	EndGlobalSection
	GlobalSection(ExtensibilityGlobals) = postSolution
		SolutionGuid = {A734CF8E-349D-4627-B32A-3EC85C095724}
	EndGlobalSection
EndGlobal
